// !$*UTF8*$!
{
	archiveVersion = 1;
	classes = {
	};
	objectVersion = 56;
	objects = {

/* Begin PBXBuildFile section */
		CB41FC212C4AC061009AE012 /* LocalState.swift in Sources */ = {isa = PBXBuildFile; fileRef = CB41FC202C4AC061009AE012 /* LocalState.swift */; };
		CB41FC232C4B94B8009AE012 /* UIViewController+Utils.swift in Sources */ = {isa = PBXBuildFile; fileRef = CB41FC222C4B94B8009AE012 /* UIViewController+Utils.swift */; };
		CB41FC252C4B9913009AE012 /* MainViewController.swift in Sources */ = {isa = PBXBuildFile; fileRef = CB41FC242C4B9913009AE012 /* MainViewController.swift */; };
		CB41FC282C4C0B06009AE012 /* AccountSummaryViewController.swift in Sources */ = {isa = PBXBuildFile; fileRef = CB41FC272C4C0B06009AE012 /* AccountSummaryViewController.swift */; };
		CB41FC2A2C4C140E009AE012 /* AccountSummaryHeaderView.swift in Sources */ = {isa = PBXBuildFile; fileRef = CB41FC292C4C140E009AE012 /* AccountSummaryHeaderView.swift */; };
		CB41FC2C2C4C1474009AE012 /* AccountSummaryHeaderView.xib in Resources */ = {isa = PBXBuildFile; fileRef = CB41FC2B2C4C1474009AE012 /* AccountSummaryHeaderView.xib */; };
		CB7B17F92C4572A4006CBB57 /* OnBoardingContainerViewController.swift in Sources */ = {isa = PBXBuildFile; fileRef = CB7B17F82C4572A4006CBB57 /* OnBoardingContainerViewController.swift */; };
		CB7B17FB2C457619006CBB57 /* OnboardingViewController.swift in Sources */ = {isa = PBXBuildFile; fileRef = CB7B17FA2C457619006CBB57 /* OnboardingViewController.swift */; };
		CBCC925B2C4248800058C2C7 /* AppDelegate.swift in Sources */ = {isa = PBXBuildFile; fileRef = CBCC925A2C4248800058C2C7 /* AppDelegate.swift */; };
		CBCC925F2C4248800058C2C7 /* LoginViewController.swift in Sources */ = {isa = PBXBuildFile; fileRef = CBCC925E2C4248800058C2C7 /* LoginViewController.swift */; };
		CBCC92642C4248820058C2C7 /* Assets.xcassets in Resources */ = {isa = PBXBuildFile; fileRef = CBCC92632C4248820058C2C7 /* Assets.xcassets */; };
		CBCC92672C4248820058C2C7 /* Base in Resources */ = {isa = PBXBuildFile; fileRef = CBCC92662C4248820058C2C7 /* Base */; };
		CBCC92712C4286FF0058C2C7 /* LoginView.swift in Sources */ = {isa = PBXBuildFile; fileRef = CBCC92702C4286FF0058C2C7 /* LoginView.swift */; };
		CBFA7A2D2C496B3D005F0262 /* DummyViewController.swift in Sources */ = {isa = PBXBuildFile; fileRef = CBFA7A2C2C496B3D005F0262 /* DummyViewController.swift */; };
/* End PBXBuildFile section */

/* Begin PBXFileReference section */
		CB41FC202C4AC061009AE012 /* LocalState.swift */ = {isa = PBXFileReference; lastKnownFileType = sourcecode.swift; path = LocalState.swift; sourceTree = "<group>"; };
		CB41FC222C4B94B8009AE012 /* UIViewController+Utils.swift */ = {isa = PBXFileReference; lastKnownFileType = sourcecode.swift; path = "UIViewController+Utils.swift"; sourceTree = "<group>"; };
		CB41FC242C4B9913009AE012 /* MainViewController.swift */ = {isa = PBXFileReference; lastKnownFileType = sourcecode.swift; path = MainViewController.swift; sourceTree = "<group>"; };
		CB41FC272C4C0B06009AE012 /* AccountSummaryViewController.swift */ = {isa = PBXFileReference; lastKnownFileType = sourcecode.swift; path = AccountSummaryViewController.swift; sourceTree = "<group>"; };
		CB41FC292C4C140E009AE012 /* AccountSummaryHeaderView.swift */ = {isa = PBXFileReference; lastKnownFileType = sourcecode.swift; path = AccountSummaryHeaderView.swift; sourceTree = "<group>"; };
		CB41FC2B2C4C1474009AE012 /* AccountSummaryHeaderView.xib */ = {isa = PBXFileReference; lastKnownFileType = file.xib; path = AccountSummaryHeaderView.xib; sourceTree = "<group>"; };
		CB7B17F82C4572A4006CBB57 /* OnBoardingContainerViewController.swift */ = {isa = PBXFileReference; lastKnownFileType = sourcecode.swift; path = OnBoardingContainerViewController.swift; sourceTree = "<group>"; };
		CB7B17FA2C457619006CBB57 /* OnboardingViewController.swift */ = {isa = PBXFileReference; lastKnownFileType = sourcecode.swift; path = OnboardingViewController.swift; sourceTree = "<group>"; };
		CBCC92572C4248800058C2C7 /* Bankey.app */ = {isa = PBXFileReference; explicitFileType = wrapper.application; includeInIndex = 0; path = Bankey.app; sourceTree = BUILT_PRODUCTS_DIR; };
		CBCC925A2C4248800058C2C7 /* AppDelegate.swift */ = {isa = PBXFileReference; lastKnownFileType = sourcecode.swift; path = AppDelegate.swift; sourceTree = "<group>"; };
		CBCC925E2C4248800058C2C7 /* LoginViewController.swift */ = {isa = PBXFileReference; lastKnownFileType = sourcecode.swift; path = LoginViewController.swift; sourceTree = "<group>"; };
		CBCC92632C4248820058C2C7 /* Assets.xcassets */ = {isa = PBXFileReference; lastKnownFileType = folder.assetcatalog; path = Assets.xcassets; sourceTree = "<group>"; };
		CBCC92662C4248820058C2C7 /* Base */ = {isa = PBXFileReference; lastKnownFileType = file.storyboard; name = Base; path = Base.lproj/LaunchScreen.storyboard; sourceTree = "<group>"; };
		CBCC92682C4248820058C2C7 /* Info.plist */ = {isa = PBXFileReference; lastKnownFileType = text.plist.xml; path = Info.plist; sourceTree = "<group>"; };
		CBCC92702C4286FF0058C2C7 /* LoginView.swift */ = {isa = PBXFileReference; lastKnownFileType = sourcecode.swift; path = LoginView.swift; sourceTree = "<group>"; };
		CBFA7A2C2C496B3D005F0262 /* DummyViewController.swift */ = {isa = PBXFileReference; lastKnownFileType = sourcecode.swift; path = DummyViewController.swift; sourceTree = "<group>"; };
/* End PBXFileReference section */

/* Begin PBXFrameworksBuildPhase section */
		CBCC92542C4248800058C2C7 /* Frameworks */ = {
			isa = PBXFrameworksBuildPhase;
			buildActionMask = 2147483647;
			files = (
			);
			runOnlyForDeploymentPostprocessing = 0;
		};
/* End PBXFrameworksBuildPhase section */

/* Begin PBXGroup section */
		CB41FC1F2C4AC03F009AE012 /* Utils */ = {
			isa = PBXGroup;
			children = (
				CB41FC202C4AC061009AE012 /* LocalState.swift */,
				CB41FC222C4B94B8009AE012 /* UIViewController+Utils.swift */,
			);
			name = Utils;
			sourceTree = "<group>";
		};
		CB41FC262C4C0AB1009AE012 /* AccountSummaryViewController */ = {
			isa = PBXGroup;
			children = (
				CB41FC272C4C0B06009AE012 /* AccountSummaryViewController.swift */,
				CB41FC292C4C140E009AE012 /* AccountSummaryHeaderView.swift */,
				CB41FC2B2C4C1474009AE012 /* AccountSummaryHeaderView.xib */,
			);
			path = AccountSummaryViewController;
			sourceTree = "<group>";
		};
		CB7B17F72C457281006CBB57 /* OnBoarding */ = {
			isa = PBXGroup;
			children = (
				CB7B17F82C4572A4006CBB57 /* OnBoardingContainerViewController.swift */,
				CB7B17FA2C457619006CBB57 /* OnboardingViewController.swift */,
			);
			name = OnBoarding;
			sourceTree = "<group>";
		};
		CBCC924E2C4248800058C2C7 = {
			isa = PBXGroup;
			children = (
				CBCC92592C4248800058C2C7 /* Bankey */,
				CBCC92582C4248800058C2C7 /* Products */,
			);
			sourceTree = "<group>";
		};
		CBCC92582C4248800058C2C7 /* Products */ = {
			isa = PBXGroup;
			children = (
				CBCC92572C4248800058C2C7 /* Bankey.app */,
			);
			name = Products;
			sourceTree = "<group>";
		};
		CBCC92592C4248800058C2C7 /* Bankey */ = {
			isa = PBXGroup;
			children = (
				CBCC925A2C4248800058C2C7 /* AppDelegate.swift */,
				CBCC926F2C4286A40058C2C7 /* Login */,
				CB7B17F72C457281006CBB57 /* OnBoarding */,
				CB41FC1F2C4AC03F009AE012 /* Utils */,
				CBCC926E2C42866F0058C2C7 /* Files */,
				CB41FC242C4B9913009AE012 /* MainViewController.swift */,
				CB41FC262C4C0AB1009AE012 /* AccountSummaryViewController */,
			);
			path = Bankey;
			sourceTree = "<group>";
		};
		CBCC926E2C42866F0058C2C7 /* Files */ = {
			isa = PBXGroup;
			children = (
				CBCC92682C4248820058C2C7 /* Info.plist */,
				CBCC92632C4248820058C2C7 /* Assets.xcassets */,
				CBCC92652C4248820058C2C7 /* LaunchScreen.storyboard */,
			);
			name = Files;
			sourceTree = "<group>";
		};
		CBCC926F2C4286A40058C2C7 /* Login */ = {
			isa = PBXGroup;
			children = (
				CBCC925E2C4248800058C2C7 /* LoginViewController.swift */,
				CBCC92702C4286FF0058C2C7 /* LoginView.swift */,
				CBFA7A2C2C496B3D005F0262 /* DummyViewController.swift */,
			);
			path = Login;
			sourceTree = "<group>";
		};
/* End PBXGroup section */

/* Begin PBXNativeTarget section */
		CBCC92562C4248800058C2C7 /* Bankey */ = {
			isa = PBXNativeTarget;
			buildConfigurationList = CBCC926B2C4248820058C2C7 /* Build configuration list for PBXNativeTarget "Bankey" */;
			buildPhases = (
				CBCC92532C4248800058C2C7 /* Sources */,
				CBCC92542C4248800058C2C7 /* Frameworks */,
				CBCC92552C4248800058C2C7 /* Resources */,
			);
			buildRules = (
			);
			dependencies = (
			);
			name = Bankey;
			productName = Bankey;
			productReference = CBCC92572C4248800058C2C7 /* Bankey.app */;
			productType = "com.apple.product-type.application";
		};
/* End PBXNativeTarget section */

/* Begin PBXProject section */
		CBCC924F2C4248800058C2C7 /* Project object */ = {
			isa = PBXProject;
			attributes = {
				BuildIndependentTargetsInParallel = 1;
				LastSwiftUpdateCheck = 1540;
				LastUpgradeCheck = 1540;
				TargetAttributes = {
					CBCC92562C4248800058C2C7 = {
						CreatedOnToolsVersion = 15.4;
					};
				};
			};
			buildConfigurationList = CBCC92522C4248800058C2C7 /* Build configuration list for PBXProject "Bankey" */;
			compatibilityVersion = "Xcode 14.0";
			developmentRegion = en;
			hasScannedForEncodings = 0;
			knownRegions = (
				en,
				Base,
			);
			mainGroup = CBCC924E2C4248800058C2C7;
			productRefGroup = CBCC92582C4248800058C2C7 /* Products */;
			projectDirPath = "";
			projectRoot = "";
			targets = (
				CBCC92562C4248800058C2C7 /* Bankey */,
			);
		};
/* End PBXProject section */

/* Begin PBXResourcesBuildPhase section */
		CBCC92552C4248800058C2C7 /* Resources */ = {
			isa = PBXResourcesBuildPhase;
			buildActionMask = 2147483647;
			files = (
				CB41FC2C2C4C1474009AE012 /* AccountSummaryHeaderView.xib in Resources */,
				CBCC92642C4248820058C2C7 /* Assets.xcassets in Resources */,
				CBCC92672C4248820058C2C7 /* Base in Resources */,
			);
			runOnlyForDeploymentPostprocessing = 0;
		};
/* End PBXResourcesBuildPhase section */

/* Begin PBXSourcesBuildPhase section */
		CBCC92532C4248800058C2C7 /* Sources */ = {
			isa = PBXSourcesBuildPhase;
			buildActionMask = 2147483647;
			files = (
				CB41FC232C4B94B8009AE012 /* UIViewController+Utils.swift in Sources */,
				CBCC92712C4286FF0058C2C7 /* LoginView.swift in Sources */,
				CB41FC212C4AC061009AE012 /* LocalState.swift in Sources */,
				CB41FC2A2C4C140E009AE012 /* AccountSummaryHeaderView.swift in Sources */,
				CBFA7A2D2C496B3D005F0262 /* DummyViewController.swift in Sources */,
				CBCC925F2C4248800058C2C7 /* LoginViewController.swift in Sources */,
				CB7B17FB2C457619006CBB57 /* OnboardingViewController.swift in Sources */,
				CB41FC252C4B9913009AE012 /* MainViewController.swift in Sources */,
				CB41FC282C4C0B06009AE012 /* AccountSummaryViewController.swift in Sources */,
				CBCC925B2C4248800058C2C7 /* AppDelegate.swift in Sources */,
				CB7B17F92C4572A4006CBB57 /* OnBoardingContainerViewController.swift in Sources */,
			);
			runOnlyForDeploymentPostprocessing = 0;
		};
/* End PBXSourcesBuildPhase section */

/* Begin PBXVariantGroup section */
		CBCC92652C4248820058C2C7 /* LaunchScreen.storyboard */ = {
			isa = PBXVariantGroup;
			children = (
				CBCC92662C4248820058C2C7 /* Base */,
			);
			name = LaunchScreen.storyboard;
			sourceTree = "<group>";
		};
/* End PBXVariantGroup section */

/* Begin XCBuildConfiguration section */
		CBCC92692C4248820058C2C7 /* Debug */ = {
			isa = XCBuildConfiguration;
			buildSettings = {
				ALWAYS_SEARCH_USER_PATHS = NO;
				ASSETCATALOG_COMPILER_GENERATE_SWIFT_ASSET_SYMBOL_EXTENSIONS = YES;
				CLANG_ANALYZER_NONNULL = YES;
				CLANG_ANALYZER_NUMBER_OBJECT_CONVERSION = YES_AGGRESSIVE;
				CLANG_CXX_LANGUAGE_STANDARD = "gnu++20";
				CLANG_ENABLE_MODULES = YES;
				CLANG_ENABLE_OBJC_ARC = YES;
				CLANG_ENABLE_OBJC_WEAK = YES;
				CLANG_WARN_BLOCK_CAPTURE_AUTORELEASING = YES;
				CLANG_WARN_BOOL_CONVERSION = YES;
				CLANG_WARN_COMMA = YES;
				CLANG_WARN_CONSTANT_CONVERSION = YES;
				CLANG_WARN_DEPRECATED_OBJC_IMPLEMENTATIONS = YES;
				CLANG_WARN_DIRECT_OBJC_ISA_USAGE = YES_ERROR;
				CLANG_WARN_DOCUMENTATION_COMMENTS = YES;
				CLANG_WARN_EMPTY_BODY = YES;
				CLANG_WARN_ENUM_CONVERSION = YES;
				CLANG_WARN_INFINITE_RECURSION = YES;
				CLANG_WARN_INT_CONVERSION = YES;
				CLANG_WARN_NON_LITERAL_NULL_CONVERSION = YES;
				CLANG_WARN_OBJC_IMPLICIT_RETAIN_SELF = YES;
				CLANG_WARN_OBJC_LITERAL_CONVERSION = YES;
				CLANG_WARN_OBJC_ROOT_CLASS = YES_ERROR;
				CLANG_WARN_QUOTED_INCLUDE_IN_FRAMEWORK_HEADER = YES;
				CLANG_WARN_RANGE_LOOP_ANALYSIS = YES;
				CLANG_WARN_STRICT_PROTOTYPES = YES;
				CLANG_WARN_SUSPICIOUS_MOVE = YES;
				CLANG_WARN_UNGUARDED_AVAILABILITY = YES_AGGRESSIVE;
				CLANG_WARN_UNREACHABLE_CODE = YES;
				CLANG_WARN__DUPLICATE_METHOD_MATCH = YES;
				COPY_PHASE_STRIP = NO;
				DEBUG_INFORMATION_FORMAT = dwarf;
				ENABLE_STRICT_OBJC_MSGSEND = YES;
				ENABLE_TESTABILITY = YES;
				ENABLE_USER_SCRIPT_SANDBOXING = YES;
				GCC_C_LANGUAGE_STANDARD = gnu17;
				GCC_DYNAMIC_NO_PIC = NO;
				GCC_NO_COMMON_BLOCKS = YES;
				GCC_OPTIMIZATION_LEVEL = 0;
				GCC_PREPROCESSOR_DEFINITIONS = (
					"DEBUG=1",
					"$(inherited)",
				);
				GCC_WARN_64_TO_32_BIT_CONVERSION = YES;
				GCC_WARN_ABOUT_RETURN_TYPE = YES_ERROR;
				GCC_WARN_UNDECLARED_SELECTOR = YES;
				GCC_WARN_UNINITIALIZED_AUTOS = YES_AGGRESSIVE;
				GCC_WARN_UNUSED_FUNCTION = YES;
				GCC_WARN_UNUSED_VARIABLE = YES;
				IPHONEOS_DEPLOYMENT_TARGET = 17.5;
				LOCALIZATION_PREFERS_STRING_CATALOGS = YES;
				MTL_ENABLE_DEBUG_INFO = INCLUDE_SOURCE;
				MTL_FAST_MATH = YES;
				ONLY_ACTIVE_ARCH = YES;
				SDKROOT = iphoneos;
				SWIFT_ACTIVE_COMPILATION_CONDITIONS = "DEBUG $(inherited)";
				SWIFT_OPTIMIZATION_LEVEL = "-Onone";
			};
			name = Debug;
		};
		CBCC926A2C4248820058C2C7 /* Release */ = {
			isa = XCBuildConfiguration;
			buildSettings = {
				ALWAYS_SEARCH_USER_PATHS = NO;
				ASSETCATALOG_COMPILER_GENERATE_SWIFT_ASSET_SYMBOL_EXTENSIONS = YES;
				CLANG_ANALYZER_NONNULL = YES;
				CLANG_ANALYZER_NUMBER_OBJECT_CONVERSION = YES_AGGRESSIVE;
				CLANG_CXX_LANGUAGE_STANDARD = "gnu++20";
				CLANG_ENABLE_MODULES = YES;
				CLANG_ENABLE_OBJC_ARC = YES;
				CLANG_ENABLE_OBJC_WEAK = YES;
				CLANG_WARN_BLOCK_CAPTURE_AUTORELEASING = YES;
				CLANG_WARN_BOOL_CONVERSION = YES;
				CLANG_WARN_COMMA = YES;
				CLANG_WARN_CONSTANT_CONVERSION = YES;
				CLANG_WARN_DEPRECATED_OBJC_IMPLEMENTATIONS = YES;
				CLANG_WARN_DIRECT_OBJC_ISA_USAGE = YES_ERROR;
				CLANG_WARN_DOCUMENTATION_COMMENTS = YES;
				CLANG_WARN_EMPTY_BODY = YES;
				CLANG_WARN_ENUM_CONVERSION = YES;
				CLANG_WARN_INFINITE_RECURSION = YES;
				CLANG_WARN_INT_CONVERSION = YES;
				CLANG_WARN_NON_LITERAL_NULL_CONVERSION = YES;
				CLANG_WARN_OBJC_IMPLICIT_RETAIN_SELF = YES;
				CLANG_WARN_OBJC_LITERAL_CONVERSION = YES;
				CLANG_WARN_OBJC_ROOT_CLASS = YES_ERROR;
				CLANG_WARN_QUOTED_INCLUDE_IN_FRAMEWORK_HEADER = YES;
				CLANG_WARN_RANGE_LOOP_ANALYSIS = YES;
				CLANG_WARN_STRICT_PROTOTYPES = YES;
				CLANG_WARN_SUSPICIOUS_MOVE = YES;
				CLANG_WARN_UNGUARDED_AVAILABILITY = YES_AGGRESSIVE;
				CLANG_WARN_UNREACHABLE_CODE = YES;
				CLANG_WARN__DUPLICATE_METHOD_MATCH = YES;
				COPY_PHASE_STRIP = NO;
				DEBUG_INFORMATION_FORMAT = "dwarf-with-dsym";
				ENABLE_NS_ASSERTIONS = NO;
				ENABLE_STRICT_OBJC_MSGSEND = YES;
				ENABLE_USER_SCRIPT_SANDBOXING = YES;
				GCC_C_LANGUAGE_STANDARD = gnu17;
				GCC_NO_COMMON_BLOCKS = YES;
				GCC_WARN_64_TO_32_BIT_CONVERSION = YES;
				GCC_WARN_ABOUT_RETURN_TYPE = YES_ERROR;
				GCC_WARN_UNDECLARED_SELECTOR = YES;
				GCC_WARN_UNINITIALIZED_AUTOS = YES_AGGRESSIVE;
				GCC_WARN_UNUSED_FUNCTION = YES;
				GCC_WARN_UNUSED_VARIABLE = YES;
				IPHONEOS_DEPLOYMENT_TARGET = 17.5;
				LOCALIZATION_PREFERS_STRING_CATALOGS = YES;
				MTL_ENABLE_DEBUG_INFO = NO;
				MTL_FAST_MATH = YES;
				SDKROOT = iphoneos;
				SWIFT_COMPILATION_MODE = wholemodule;
				VALIDATE_PRODUCT = YES;
			};
			name = Release;
		};
		CBCC926C2C4248820058C2C7 /* Debug */ = {
			isa = XCBuildConfiguration;
			buildSettings = {
				ASSETCATALOG_COMPILER_APPICON_NAME = AppIcon;
				ASSETCATALOG_COMPILER_GLOBAL_ACCENT_COLOR_NAME = AccentColor;
				CODE_SIGN_STYLE = Automatic;
				CURRENT_PROJECT_VERSION = 1;
				GENERATE_INFOPLIST_FILE = YES;
				INFOPLIST_FILE = Bankey/Info.plist;
				INFOPLIST_KEY_UIApplicationSupportsIndirectInputEvents = YES;
				INFOPLIST_KEY_UILaunchStoryboardName = LaunchScreen;
				INFOPLIST_KEY_UISupportedInterfaceOrientations_iPad = "UIInterfaceOrientationPortrait UIInterfaceOrientationPortraitUpsideDown UIInterfaceOrientationLandscapeLeft UIInterfaceOrientationLandscapeRight";
				INFOPLIST_KEY_UISupportedInterfaceOrientations_iPhone = "UIInterfaceOrientationPortrait UIInterfaceOrientationLandscapeLeft UIInterfaceOrientationLandscapeRight";
				LD_RUNPATH_SEARCH_PATHS = (
					"$(inherited)",
					"@executable_path/Frameworks",
				);
				MARKETING_VERSION = 1.0;
				PRODUCT_BUNDLE_IDENTIFIER = billyleaning.Bankey;
				PRODUCT_NAME = "$(TARGET_NAME)";
				SWIFT_EMIT_LOC_STRINGS = YES;
				SWIFT_VERSION = 5.0;
				TARGETED_DEVICE_FAMILY = "1,2";
			};
			name = Debug;
		};
		CBCC926D2C4248820058C2C7 /* Release */ = {
			isa = XCBuildConfiguration;
			buildSettings = {
				ASSETCATALOG_COMPILER_APPICON_NAME = AppIcon;
				ASSETCATALOG_COMPILER_GLOBAL_ACCENT_COLOR_NAME = AccentColor;
				CODE_SIGN_STYLE = Automatic;
				CURRENT_PROJECT_VERSION = 1;
				GENERATE_INFOPLIST_FILE = YES;
				INFOPLIST_FILE = Bankey/Info.plist;
				INFOPLIST_KEY_UIApplicationSupportsIndirectInputEvents = YES;
				INFOPLIST_KEY_UILaunchStoryboardName = LaunchScreen;
				INFOPLIST_KEY_UISupportedInterfaceOrientations_iPad = "UIInterfaceOrientationPortrait UIInterfaceOrientationPortraitUpsideDown UIInterfaceOrientationLandscapeLeft UIInterfaceOrientationLandscapeRight";
				INFOPLIST_KEY_UISupportedInterfaceOrientations_iPhone = "UIInterfaceOrientationPortrait UIInterfaceOrientationLandscapeLeft UIInterfaceOrientationLandscapeRight";
				LD_RUNPATH_SEARCH_PATHS = (
					"$(inherited)",
					"@executable_path/Frameworks",
				);
				MARKETING_VERSION = 1.0;
				PRODUCT_BUNDLE_IDENTIFIER = billyleaning.Bankey;
				PRODUCT_NAME = "$(TARGET_NAME)";
				SWIFT_EMIT_LOC_STRINGS = YES;
				SWIFT_VERSION = 5.0;
				TARGETED_DEVICE_FAMILY = "1,2";
			};
			name = Release;
		};
/* End XCBuildConfiguration section */

/* Begin XCConfigurationList section */
		CBCC92522C4248800058C2C7 /* Build configuration list for PBXProject "Bankey" */ = {
			isa = XCConfigurationList;
			buildConfigurations = (
				CBCC92692C4248820058C2C7 /* Debug */,
				CBCC926A2C4248820058C2C7 /* Release */,
			);
			defaultConfigurationIsVisible = 0;
			defaultConfigurationName = Release;
		};
		CBCC926B2C4248820058C2C7 /* Build configuration list for PBXNativeTarget "Bankey" */ = {
			isa = XCConfigurationList;
			buildConfigurations = (
				CBCC926C2C4248820058C2C7 /* Debug */,
				CBCC926D2C4248820058C2C7 /* Release */,
			);
			defaultConfigurationIsVisible = 0;
			defaultConfigurationName = Release;
		};
/* End XCConfigurationList section */
	};
	rootObject = CBCC924F2C4248800058C2C7 /* Project object */;
}
